<?xml version="1.0" encoding="utf-8"?>
<Project ToolsVersion="4.0" xmlns="http://schemas.microsoft.com/developer/msbuild/2003">
  <ItemGroup>
    <Filter Include="Engine">
      <UniqueIdentifier>{fe109871-fe3e-48b3-8b4a-0c40406282e2}</UniqueIdentifier>
    </Filter>
    <Filter Include="Engine\ソース ファイル">
      <UniqueIdentifier>{4FC737F1-C7A5-4376-A066-2A32D752A2FF}</UniqueIdentifier>
      <Extensions>cpp;c;cc;cxx;c++;cppm;ixx;def;odl;idl;hpj;bat;asm;asmx</Extensions>
    </Filter>
    <Filter Include="Engine\ヘッダー ファイル">
      <UniqueIdentifier>{93995380-89BD-4b04-88EB-625FBE52EBFB}</UniqueIdentifier>
      <Extensions>h;hh;hpp;hxx;h++;hm;inl;inc;ipp;xsd</Extensions>
    </Filter>
    <Filter Include="Engine\リソース ファイル">
      <UniqueIdentifier>{67DA6AB6-F800-4c08-8B7A-83BB121AAD01}</UniqueIdentifier>
      <Extensions>rc;ico;cur;bmp;dlg;rc2;rct;bin;rgs;gif;jpg;jpeg;jpe;resx;tiff;tif;png;wav;mfcribbon-ms</Extensions>
    </Filter>
    <Filter Include="Math">
      <UniqueIdentifier>{95fa97da-d6ea-49a2-9bab-3b9320034d48}</UniqueIdentifier>
    </Filter>
    <Filter Include="Math\Vector">
      <UniqueIdentifier>{8079421d-66df-4d7a-9a0c-4ab0ba0e2a69}</UniqueIdentifier>
    </Filter>
    <Filter Include="Engine\PipeLine">
      <UniqueIdentifier>{348984b7-d939-41fb-b248-a26025d65078}</UniqueIdentifier>
    </Filter>
    <Filter Include="Engine\PipeLine\Base">
      <UniqueIdentifier>{851c19b3-2ba1-4350-9244-f39f0ef9be6a}</UniqueIdentifier>
    </Filter>
    <Filter Include="Engine\PipeLine\Sprite">
      <UniqueIdentifier>{84c084e5-0602-4b55-9ab6-89eb0ea1aedc}</UniqueIdentifier>
    </Filter>
    <Filter Include="Engine\Base">
      <UniqueIdentifier>{b8b6e8ba-08e7-42ed-b129-b197c9625b56}</UniqueIdentifier>
    </Filter>
    <Filter Include="Engine\PipeLine\Shape">
      <UniqueIdentifier>{613d5d20-44fd-46ef-9629-ebec65059bdb}</UniqueIdentifier>
    </Filter>
  </ItemGroup>
  <ItemGroup>
    <ClCompile Include="main.cpp" />
    <ClCompile Include="PipelineBase.cpp">
      <Filter>Engine\PipeLine\Base</Filter>
    </ClCompile>
    <ClCompile Include="SpritePipeline.cpp">
      <Filter>Engine\PipeLine\Sprite</Filter>
    </ClCompile>
    <ClCompile Include="include\directX\DirectXCommon.cpp">
      <Filter>Engine\Base</Filter>
    </ClCompile>
    <ClCompile Include="include\input\Input.cpp">
      <Filter>Engine\Base</Filter>
    </ClCompile>
    <ClCompile Include="TextureManager.cpp">
      <Filter>Engine\Base</Filter>
    </ClCompile>
    <ClCompile Include="include\base\WinApp.cpp">
      <Filter>Engine\Base</Filter>
    </ClCompile>
    <ClCompile Include="ShapePipeline.cpp">
      <Filter>Engine\PipeLine\Shape</Filter>
    </ClCompile>
  </ItemGroup>
  <ItemGroup>
    <ClInclude Include="Vector2.h">
      <Filter>Math\Vector</Filter>
    </ClInclude>
    <ClInclude Include="Vector3.h">
      <Filter>Math\Vector</Filter>
    </ClInclude>
    <ClInclude Include="include\math\Vector4.h">
      <Filter>Math\Vector</Filter>
    </ClInclude>
    <ClInclude Include="PipelineBase.h">
      <Filter>Engine\PipeLine\Base</Filter>
    </ClInclude>
    <ClInclude Include="SpritePipeline.h">
      <Filter>Engine\PipeLine\Sprite</Filter>
    </ClInclude>
    <ClInclude Include="include\directX\DirectXCommon.h">
      <Filter>Engine\Base</Filter>
    </ClInclude>
    <ClInclude Include="include\base\WinApp.h">
      <Filter>Engine\Base</Filter>
    </ClInclude>
    <ClInclude Include="TextureManager.h">
      <Filter>Engine\Base</Filter>
    </ClInclude>
    <ClInclude Include="include\input\Input.h">
      <Filter>Engine\Base</Filter>
    </ClInclude>
    <ClInclude Include="include\directX\d3dx12.h">
      <Filter>Engine\Base</Filter>
    </ClInclude>
    <ClInclude Include="VertexBuffer.h">
      <Filter>Engine\ヘッダー ファイル</Filter>
    </ClInclude>
    <ClInclude Include="ShapePipeline.h">
      <Filter>Engine\PipeLine\Shape</Filter>
    </ClInclude>
    <ClInclude Include="ConstBuffer.h">
      <Filter>Engine\ヘッダー ファイル</Filter>
    </ClInclude>
    <ClInclude Include="IndexBuffer.h">
      <Filter>Engine\ヘッダー ファイル</Filter>
    </ClInclude>
    <ClInclude Include="Matrix33.h">
      <Filter>Math\Vector</Filter>
    </ClInclude>
    <ClInclude Include="Matrix44.h">
      <Filter>Math\Vector</Filter>
    </ClInclude>
  </ItemGroup>
  <ItemGroup>
    <FxCompile Include="BasicPS.hlsl">
      <Filter>Engine\リソース ファイル</Filter>
    </FxCompile>
    <FxCompile Include="BasicVS.hlsl">
      <Filter>Engine\リソース ファイル</Filter>
    </FxCompile>
    <FxCompile Include="ShapeVS.hlsl">
      <Filter>Engine\リソース ファイル</Filter>
    </FxCompile>
    <FxCompile Include="ShapePS.hlsl">
      <Filter>Engine\リソース ファイル</Filter>
    </FxCompile>
    <FxCompile Include="SpriteVS.hlsl">
      <Filter>Engine\リソース ファイル</Filter>
    </FxCompile>
    <FxCompile Include="SpritePS.hlsl">
      <Filter>Engine\リソース ファイル</Filter>
    </FxCompile>
  </ItemGroup>
  <ItemGroup>
    <None Include="Basic.hlsli">
      <Filter>Engine\リソース ファイル</Filter>
    </None>
    <None Include="Shape.hlsli">
      <Filter>Engine\リソース ファイル</Filter>
    </None>
    <None Include="Sprite.hlsli">
      <Filter>Engine\リソース ファイル</Filter>
    </None>
  </ItemGroup>
</Project>