<?xml version="1.0" encoding="utf-8"?>
<Project ToolsVersion="4.0" xmlns="http://schemas.microsoft.com/developer/msbuild/2003">
  <ItemGroup>
    <Filter Include="Engine">
      <UniqueIdentifier>{fe109871-fe3e-48b3-8b4a-0c40406282e2}</UniqueIdentifier>
    </Filter>
    <Filter Include="Engine\ソース ファイル">
      <UniqueIdentifier>{4FC737F1-C7A5-4376-A066-2A32D752A2FF}</UniqueIdentifier>
      <Extensions>cpp;c;cc;cxx;c++;cppm;ixx;def;odl;idl;hpj;bat;asm;asmx</Extensions>
    </Filter>
    <Filter Include="Engine\ヘッダー ファイル">
      <UniqueIdentifier>{93995380-89BD-4b04-88EB-625FBE52EBFB}</UniqueIdentifier>
      <Extensions>h;hh;hpp;hxx;h++;hm;inl;inc;ipp;xsd</Extensions>
    </Filter>
    <Filter Include="Engine\リソース ファイル">
      <UniqueIdentifier>{67DA6AB6-F800-4c08-8B7A-83BB121AAD01}</UniqueIdentifier>
      <Extensions>rc;ico;cur;bmp;dlg;rc2;rct;bin;rgs;gif;jpg;jpeg;jpe;resx;tiff;tif;png;wav;mfcribbon-ms</Extensions>
    </Filter>
    <Filter Include="Engine\PipeLine">
      <UniqueIdentifier>{348984b7-d939-41fb-b248-a26025d65078}</UniqueIdentifier>
    </Filter>
    <Filter Include="Engine\PipeLine\Base">
      <UniqueIdentifier>{851c19b3-2ba1-4350-9244-f39f0ef9be6a}</UniqueIdentifier>
    </Filter>
    <Filter Include="Engine\PipeLine\Sprite">
      <UniqueIdentifier>{84c084e5-0602-4b55-9ab6-89eb0ea1aedc}</UniqueIdentifier>
    </Filter>
    <Filter Include="Engine\Base">
      <UniqueIdentifier>{b8b6e8ba-08e7-42ed-b129-b197c9625b56}</UniqueIdentifier>
    </Filter>
    <Filter Include="Engine\PipeLine\Shape">
      <UniqueIdentifier>{613d5d20-44fd-46ef-9629-ebec65059bdb}</UniqueIdentifier>
    </Filter>
    <Filter Include="Engine\Buffer">
      <UniqueIdentifier>{17ca23eb-9417-404b-ad27-09447b44fa29}</UniqueIdentifier>
    </Filter>
    <Filter Include="Engine\Math">
      <UniqueIdentifier>{95fa97da-d6ea-49a2-9bab-3b9320034d48}</UniqueIdentifier>
    </Filter>
    <Filter Include="Engine\Math\Vector">
      <UniqueIdentifier>{8079421d-66df-4d7a-9a0c-4ab0ba0e2a69}</UniqueIdentifier>
    </Filter>
    <Filter Include="Engine\リソース ファイル\Basic">
      <UniqueIdentifier>{030a1142-8669-4877-bdd6-c4bf7ae0c913}</UniqueIdentifier>
    </Filter>
    <Filter Include="Engine\リソース ファイル\Sprite">
      <UniqueIdentifier>{61c51902-bf1d-43de-834d-5d9286591e3f}</UniqueIdentifier>
    </Filter>
    <Filter Include="Engine\リソース ファイル\Shape">
      <UniqueIdentifier>{b01fa88d-30a4-4f4b-ae1b-3e4b4917e697}</UniqueIdentifier>
    </Filter>
    <Filter Include="Engine\GeometryModel">
      <UniqueIdentifier>{64ee20d4-ac89-452e-826f-3ef3ebe8b3fd}</UniqueIdentifier>
    </Filter>
    <Filter Include="Engine\Math\Matrix">
      <UniqueIdentifier>{6e54b020-e53b-43f0-bbde-ebe424417242}</UniqueIdentifier>
    </Filter>
    <Filter Include="Engine\Math\Quaternion">
      <UniqueIdentifier>{24b48daf-c309-4a60-86ad-0c3ef20983ba}</UniqueIdentifier>
    </Filter>
    <Filter Include="Engine\Sprite">
      <UniqueIdentifier>{bbe89e4d-9ea3-4393-bbd6-d787c2deff8b}</UniqueIdentifier>
    </Filter>
    <Filter Include="Engine\PipeLine\PipelineManager">
      <UniqueIdentifier>{4d5c0376-cc93-4f0a-a387-a42f8d9495cb}</UniqueIdentifier>
    </Filter>
    <Filter Include="Engine\Camera">
      <UniqueIdentifier>{5a32b33b-2e8b-48f5-a56b-72991f12070b}</UniqueIdentifier>
    </Filter>
  </ItemGroup>
  <ItemGroup>
    <ClCompile Include="main.cpp" />
    <ClCompile Include="PipelineBase.cpp">
      <Filter>Engine\PipeLine\Base</Filter>
    </ClCompile>
    <ClCompile Include="SpritePipeline.cpp">
      <Filter>Engine\PipeLine\Sprite</Filter>
    </ClCompile>
    <ClCompile Include="include\directX\DirectXCommon.cpp">
      <Filter>Engine\Base</Filter>
    </ClCompile>
    <ClCompile Include="include\input\Input.cpp">
      <Filter>Engine\Base</Filter>
    </ClCompile>
    <ClCompile Include="TextureManager.cpp">
      <Filter>Engine\Base</Filter>
    </ClCompile>
    <ClCompile Include="include\base\WinApp.cpp">
      <Filter>Engine\Base</Filter>
    </ClCompile>
    <ClCompile Include="ShapePipeline.cpp">
      <Filter>Engine\PipeLine\Shape</Filter>
    </ClCompile>
    <ClCompile Include="GeometryModel.cpp">
      <Filter>Engine\GeometryModel</Filter>
    </ClCompile>
    <ClCompile Include="Vector.cpp">
      <Filter>Engine\Math\Vector</Filter>
    </ClCompile>
    <ClCompile Include="Matrix.cpp">
      <Filter>Engine\Math\Matrix</Filter>
    </ClCompile>
    <ClCompile Include="Sprite.cpp">
      <Filter>Engine\Sprite</Filter>
    </ClCompile>
    <ClCompile Include="PipelineManager.cpp">
      <Filter>Engine\PipeLine\PipelineManager</Filter>
    </ClCompile>
    <ClCompile Include="PipelineFunc.cpp">
      <Filter>Engine\PipeLine</Filter>
    </ClCompile>
    <ClCompile Include="Camera2D.cpp">
      <Filter>Engine\Camera</Filter>
    </ClCompile>
  </ItemGroup>
  <ItemGroup>
    <ClInclude Include="Vector2.h">
      <Filter>Engine\Math\Vector</Filter>
    </ClInclude>
    <ClInclude Include="Vector3.h">
      <Filter>Engine\Math\Vector</Filter>
    </ClInclude>
    <ClInclude Include="include\math\Vector4.h">
      <Filter>Engine\Math\Vector</Filter>
    </ClInclude>
    <ClInclude Include="PipelineBase.h">
      <Filter>Engine\PipeLine\Base</Filter>
    </ClInclude>
    <ClInclude Include="SpritePipeline.h">
      <Filter>Engine\PipeLine\Sprite</Filter>
    </ClInclude>
    <ClInclude Include="include\directX\DirectXCommon.h">
      <Filter>Engine\Base</Filter>
    </ClInclude>
    <ClInclude Include="include\base\WinApp.h">
      <Filter>Engine\Base</Filter>
    </ClInclude>
    <ClInclude Include="TextureManager.h">
      <Filter>Engine\Base</Filter>
    </ClInclude>
    <ClInclude Include="include\input\Input.h">
      <Filter>Engine\Base</Filter>
    </ClInclude>
    <ClInclude Include="include\directX\d3dx12.h">
      <Filter>Engine\Base</Filter>
    </ClInclude>
    <ClInclude Include="ShapePipeline.h">
      <Filter>Engine\PipeLine\Shape</Filter>
    </ClInclude>
    <ClInclude Include="MathUtility.h">
      <Filter>Engine\Math</Filter>
    </ClInclude>
    <ClInclude Include="ConstBuffer.h">
      <Filter>Engine\Buffer</Filter>
    </ClInclude>
    <ClInclude Include="IndexBuffer.h">
      <Filter>Engine\Buffer</Filter>
    </ClInclude>
    <ClInclude Include="VertexBuffer.h">
      <Filter>Engine\Buffer</Filter>
    </ClInclude>
    <ClInclude Include="GeometryModel.h">
      <Filter>Engine\GeometryModel</Filter>
    </ClInclude>
    <ClInclude Include="Buffers.h">
      <Filter>Engine\Buffer</Filter>
    </ClInclude>
    <ClInclude Include="Matrix33.h">
      <Filter>Engine\Math\Matrix</Filter>
    </ClInclude>
    <ClInclude Include="Matrix44.h">
      <Filter>Engine\Math\Matrix</Filter>
    </ClInclude>
    <ClInclude Include="Quaternion.h">
      <Filter>Engine\Math\Quaternion</Filter>
    </ClInclude>
    <ClInclude Include="Sprite.h">
      <Filter>Engine\Sprite</Filter>
    </ClInclude>
    <ClInclude Include="PipelineManager.h">
      <Filter>Engine\PipeLine\PipelineManager</Filter>
    </ClInclude>
    <ClInclude Include="PipelineFunc.h">
      <Filter>Engine\PipeLine</Filter>
    </ClInclude>
    <ClInclude Include="Camera2D.h">
      <Filter>Engine\Camera</Filter>
    </ClInclude>
  </ItemGroup>
  <ItemGroup>
    <FxCompile Include="BasicVS.hlsl">
      <Filter>Engine\リソース ファイル\Basic</Filter>
    </FxCompile>
    <FxCompile Include="BasicPS.hlsl">
      <Filter>Engine\リソース ファイル\Basic</Filter>
    </FxCompile>
    <FxCompile Include="SpritePS.hlsl">
      <Filter>Engine\リソース ファイル\Sprite</Filter>
    </FxCompile>
    <FxCompile Include="SpriteVS.hlsl">
      <Filter>Engine\リソース ファイル\Sprite</Filter>
    </FxCompile>
    <FxCompile Include="ShapePS.hlsl">
      <Filter>Engine\リソース ファイル\Shape</Filter>
    </FxCompile>
    <FxCompile Include="ShapeVS.hlsl">
      <Filter>Engine\リソース ファイル\Shape</Filter>
    </FxCompile>
  </ItemGroup>
  <ItemGroup>
    <None Include="Basic.hlsli">
      <Filter>Engine\リソース ファイル\Basic</Filter>
    </None>
    <None Include="Sprite.hlsli">
      <Filter>Engine\リソース ファイル\Sprite</Filter>
    </None>
    <None Include="Shape.hlsli">
      <Filter>Engine\リソース ファイル\Shape</Filter>
    </None>
  </ItemGroup>
</Project>