<?xml version="1.0" encoding="utf-8"?>
<Project ToolsVersion="4.0" xmlns="http://schemas.microsoft.com/developer/msbuild/2003">
  <ItemGroup>
    <Filter Include="Engine">
      <UniqueIdentifier>{fe109871-fe3e-48b3-8b4a-0c40406282e2}</UniqueIdentifier>
    </Filter>
    <Filter Include="Engine\ソース ファイル">
      <UniqueIdentifier>{4FC737F1-C7A5-4376-A066-2A32D752A2FF}</UniqueIdentifier>
      <Extensions>cpp;c;cc;cxx;c++;cppm;ixx;def;odl;idl;hpj;bat;asm;asmx</Extensions>
    </Filter>
    <Filter Include="Engine\ヘッダー ファイル">
      <UniqueIdentifier>{93995380-89BD-4b04-88EB-625FBE52EBFB}</UniqueIdentifier>
      <Extensions>h;hh;hpp;hxx;h++;hm;inl;inc;ipp;xsd</Extensions>
    </Filter>
    <Filter Include="Engine\リソース ファイル">
      <UniqueIdentifier>{67DA6AB6-F800-4c08-8B7A-83BB121AAD01}</UniqueIdentifier>
      <Extensions>rc;ico;cur;bmp;dlg;rc2;rct;bin;rgs;gif;jpg;jpeg;jpe;resx;tiff;tif;png;wav;mfcribbon-ms</Extensions>
    </Filter>
    <Filter Include="Math">
      <UniqueIdentifier>{95fa97da-d6ea-49a2-9bab-3b9320034d48}</UniqueIdentifier>
    </Filter>
    <Filter Include="Math\Vector">
      <UniqueIdentifier>{8079421d-66df-4d7a-9a0c-4ab0ba0e2a69}</UniqueIdentifier>
    </Filter>
  </ItemGroup>
  <ItemGroup>
    <ClCompile Include="main.cpp" />
    <ClCompile Include="include\base\WinApp.cpp">
      <Filter>Engine\ソース ファイル</Filter>
    </ClCompile>
    <ClCompile Include="include\directX\DirectXCommon.cpp">
      <Filter>Engine\ソース ファイル</Filter>
    </ClCompile>
    <ClCompile Include="include\input\Input.cpp">
      <Filter>Engine\ソース ファイル</Filter>
    </ClCompile>
  </ItemGroup>
  <ItemGroup>
    <ClInclude Include="include\base\WinApp.h">
      <Filter>Engine\ヘッダー ファイル</Filter>
    </ClInclude>
    <ClInclude Include="include\directX\d3dx12.h">
      <Filter>Engine\ヘッダー ファイル</Filter>
    </ClInclude>
    <ClInclude Include="include\directX\DirectXCommon.h">
      <Filter>Engine\ヘッダー ファイル</Filter>
    </ClInclude>
    <ClInclude Include="include\input\Input.h">
      <Filter>Engine\ヘッダー ファイル</Filter>
    </ClInclude>
    <ClInclude Include="Vector2.h">
      <Filter>Math\Vector</Filter>
    </ClInclude>
    <ClInclude Include="Vector3.h">
      <Filter>Math\Vector</Filter>
    </ClInclude>
    <ClInclude Include="include\math\Vector4.h">
      <Filter>Math\Vector</Filter>
    </ClInclude>
  </ItemGroup>
  <ItemGroup>
    <FxCompile Include="BasicPS.hlsl">
      <Filter>Engine\リソース ファイル</Filter>
    </FxCompile>
    <FxCompile Include="BasicVS.hlsl">
      <Filter>Engine\リソース ファイル</Filter>
    </FxCompile>
    <FxCompile Include="ShapeVS.hlsl">
      <Filter>Engine\リソース ファイル</Filter>
    </FxCompile>
    <FxCompile Include="ShapePS.hlsl">
      <Filter>Engine\リソース ファイル</Filter>
    </FxCompile>
  </ItemGroup>
  <ItemGroup>
    <None Include="Basic.hlsli">
      <Filter>Engine\リソース ファイル</Filter>
    </None>
    <None Include="Shape.hlsli">
      <Filter>Engine\リソース ファイル</Filter>
    </None>
  </ItemGroup>
</Project>